// !$*UTF8*$!
{
	archiveVersion = 1;
	classes = {
	};
	objectVersion = 50;
	objects = {

/* Begin PBXBuildFile section */
		3FF14F5A27C546880091198F /* Map_HackwitchApp.swift in Sources */ = {isa = PBXBuildFile; fileRef = 3FF14F5927C546880091198F /* Map_HackwitchApp.swift */; };
		3FF14F5C27C546880091198F /* ContentView.swift in Sources */ = {isa = PBXBuildFile; fileRef = 3FF14F5B27C546880091198F /* ContentView.swift */; };
		3FF14F5E27C5468C0091198F /* Assets.xcassets in Resources */ = {isa = PBXBuildFile; fileRef = 3FF14F5D27C5468C0091198F /* Assets.xcassets */; };
		3FF14F6127C5468C0091198F /* Preview Assets.xcassets in Resources */ = {isa = PBXBuildFile; fileRef = 3FF14F6027C5468C0091198F /* Preview Assets.xcassets */; };
		3FF14F6C27C5468C0091198F /* Map_HackwitchTests.swift in Sources */ = {isa = PBXBuildFile; fileRef = 3FF14F6B27C5468C0091198F /* Map_HackwitchTests.swift */; };
		3FF14F7727C5468C0091198F /* Map_HackwitchUITests.swift in Sources */ = {isa = PBXBuildFile; fileRef = 3FF14F7627C5468C0091198F /* Map_HackwitchUITests.swift */; };
		3FF14F8527C549570091198F /* locationManager.swift in Sources */ = {isa = PBXBuildFile; fileRef = 3FF14F8427C549570091198F /* locationManager.swift */; };
/* End PBXBuildFile section */

/* Begin PBXContainerItemProxy section */
		3FF14F6827C5468C0091198F /* PBXContainerItemProxy */ = {
			isa = PBXContainerItemProxy;
			containerPortal = 3FF14F4E27C546880091198F /* Project object */;
			proxyType = 1;
			remoteGlobalIDString = 3FF14F5527C546880091198F;
			remoteInfo = "Map Hackwitch";
		};
		3FF14F7327C5468C0091198F /* PBXContainerItemProxy */ = {
			isa = PBXContainerItemProxy;
			containerPortal = 3FF14F4E27C546880091198F /* Project object */;
			proxyType = 1;
			remoteGlobalIDString = 3FF14F5527C546880091198F;
			remoteInfo = "Map Hackwitch";
		};
/* End PBXContainerItemProxy section */

/* Begin PBXFileReference section */
		3FF14F5627C546880091198F /* Map Hackwitch.app */ = {isa = PBXFileReference; explicitFileType = wrapper.application; includeInIndex = 0; path = "Map Hackwitch.app"; sourceTree = BUILT_PRODUCTS_DIR; };
		3FF14F5927C546880091198F /* Map_HackwitchApp.swift */ = {isa = PBXFileReference; lastKnownFileType = sourcecode.swift; path = Map_HackwitchApp.swift; sourceTree = "<group>"; };
		3FF14F5B27C546880091198F /* ContentView.swift */ = {isa = PBXFileReference; lastKnownFileType = sourcecode.swift; path = ContentView.swift; sourceTree = "<group>"; };
		3FF14F5D27C5468C0091198F /* Assets.xcassets */ = {isa = PBXFileReference; lastKnownFileType = folder.assetcatalog; path = Assets.xcassets; sourceTree = "<group>"; };
		3FF14F6027C5468C0091198F /* Preview Assets.xcassets */ = {isa = PBXFileReference; lastKnownFileType = folder.assetcatalog; path = "Preview Assets.xcassets"; sourceTree = "<group>"; };
		3FF14F6227C5468C0091198F /* Info.plist */ = {isa = PBXFileReference; lastKnownFileType = text.plist.xml; path = Info.plist; sourceTree = "<group>"; };
		3FF14F6727C5468C0091198F /* Map HackwitchTests.xctest */ = {isa = PBXFileReference; explicitFileType = wrapper.cfbundle; includeInIndex = 0; path = "Map HackwitchTests.xctest"; sourceTree = BUILT_PRODUCTS_DIR; };
		3FF14F6B27C5468C0091198F /* Map_HackwitchTests.swift */ = {isa = PBXFileReference; lastKnownFileType = sourcecode.swift; path = Map_HackwitchTests.swift; sourceTree = "<group>"; };
		3FF14F6D27C5468C0091198F /* Info.plist */ = {isa = PBXFileReference; lastKnownFileType = text.plist.xml; path = Info.plist; sourceTree = "<group>"; };
		3FF14F7227C5468C0091198F /* Map HackwitchUITests.xctest */ = {isa = PBXFileReference; explicitFileType = wrapper.cfbundle; includeInIndex = 0; path = "Map HackwitchUITests.xctest"; sourceTree = BUILT_PRODUCTS_DIR; };
		3FF14F7627C5468C0091198F /* Map_HackwitchUITests.swift */ = {isa = PBXFileReference; lastKnownFileType = sourcecode.swift; path = Map_HackwitchUITests.swift; sourceTree = "<group>"; };
		3FF14F7827C5468C0091198F /* Info.plist */ = {isa = PBXFileReference; lastKnownFileType = text.plist.xml; path = Info.plist; sourceTree = "<group>"; };
		3FF14F8427C549570091198F /* locationManager.swift */ = {isa = PBXFileReference; lastKnownFileType = sourcecode.swift; path = locationManager.swift; sourceTree = "<group>"; };
/* End PBXFileReference section */

/* Begin PBXFrameworksBuildPhase section */
		3FF14F5327C546880091198F /* Frameworks */ = {
			isa = PBXFrameworksBuildPhase;
			buildActionMask = 2147483647;
			files = (
			);
			runOnlyForDeploymentPostprocessing = 0;
		};
		3FF14F6427C5468C0091198F /* Frameworks */ = {
			isa = PBXFrameworksBuildPhase;
			buildActionMask = 2147483647;
			files = (
			);
			runOnlyForDeploymentPostprocessing = 0;
		};
		3FF14F6F27C5468C0091198F /* Frameworks */ = {
			isa = PBXFrameworksBuildPhase;
			buildActionMask = 2147483647;
			files = (
			);
			runOnlyForDeploymentPostprocessing = 0;
		};
/* End PBXFrameworksBuildPhase section */

/* Begin PBXGroup section */
		3FF14F4D27C546880091198F = {
			isa = PBXGroup;
			children = (
				3FF14F5827C546880091198F /* Map Hackwitch */,
				3FF14F6A27C5468C0091198F /* Map HackwitchTests */,
				3FF14F7527C5468C0091198F /* Map HackwitchUITests */,
				3FF14F5727C546880091198F /* Products */,
			);
			sourceTree = "<group>";
		};
		3FF14F5727C546880091198F /* Products */ = {
			isa = PBXGroup;
			children = (
				3FF14F5627C546880091198F /* Map Hackwitch.app */,
				3FF14F6727C5468C0091198F /* Map HackwitchTests.xctest */,
				3FF14F7227C5468C0091198F /* Map HackwitchUITests.xctest */,
			);
			name = Products;
			sourceTree = "<group>";
		};
		3FF14F5827C546880091198F /* Map Hackwitch */ = {
			isa = PBXGroup;
			children = (
				3FF14F5927C546880091198F /* Map_HackwitchApp.swift */,
				3FF14F5B27C546880091198F /* ContentView.swift */,
				3FF14F8427C549570091198F /* locationManager.swift */,
				3FF14F5D27C5468C0091198F /* Assets.xcassets */,
				3FF14F6227C5468C0091198F /* Info.plist */,
				3FF14F5F27C5468C0091198F /* Preview Content */,
			);
			path = "Map Hackwitch";
			sourceTree = "<group>";
		};
		3FF14F5F27C5468C0091198F /* Preview Content */ = {
			isa = PBXGroup;
			children = (
				3FF14F6027C5468C0091198F /* Preview Assets.xcassets */,
			);
			path = "Preview Content";
			sourceTree = "<group>";
		};
		3FF14F6A27C5468C0091198F /* Map HackwitchTests */ = {
			isa = PBXGroup;
			children = (
				3FF14F6B27C5468C0091198F /* Map_HackwitchTests.swift */,
				3FF14F6D27C5468C0091198F /* Info.plist */,
			);
			path = "Map HackwitchTests";
			sourceTree = "<group>";
		};
		3FF14F7527C5468C0091198F /* Map HackwitchUITests */ = {
			isa = PBXGroup;
			children = (
				3FF14F7627C5468C0091198F /* Map_HackwitchUITests.swift */,
				3FF14F7827C5468C0091198F /* Info.plist */,
			);
			path = "Map HackwitchUITests";
			sourceTree = "<group>";
		};
/* End PBXGroup section */

/* Begin PBXNativeTarget section */
		3FF14F5527C546880091198F /* Map Hackwitch */ = {
			isa = PBXNativeTarget;
			buildConfigurationList = 3FF14F7B27C5468C0091198F /* Build configuration list for PBXNativeTarget "Map Hackwitch" */;
			buildPhases = (
				3FF14F5227C546880091198F /* Sources */,
				3FF14F5327C546880091198F /* Frameworks */,
				3FF14F5427C546880091198F /* Resources */,
			);
			buildRules = (
			);
			dependencies = (
			);
			name = "Map Hackwitch";
			productName = "Map Hackwitch";
			productReference = 3FF14F5627C546880091198F /* Map Hackwitch.app */;
			productType = "com.apple.product-type.application";
		};
		3FF14F6627C5468C0091198F /* Map HackwitchTests */ = {
			isa = PBXNativeTarget;
			buildConfigurationList = 3FF14F7E27C5468C0091198F /* Build configuration list for PBXNativeTarget "Map HackwitchTests" */;
			buildPhases = (
				3FF14F6327C5468C0091198F /* Sources */,
				3FF14F6427C5468C0091198F /* Frameworks */,
				3FF14F6527C5468C0091198F /* Resources */,
			);
			buildRules = (
			);
			dependencies = (
				3FF14F6927C5468C0091198F /* PBXTargetDependency */,
			);
			name = "Map HackwitchTests";
			productName = "Map HackwitchTests";
			productReference = 3FF14F6727C5468C0091198F /* Map HackwitchTests.xctest */;
			productType = "com.apple.product-type.bundle.unit-test";
		};
		3FF14F7127C5468C0091198F /* Map HackwitchUITests */ = {
			isa = PBXNativeTarget;
			buildConfigurationList = 3FF14F8127C5468C0091198F /* Build configuration list for PBXNativeTarget "Map HackwitchUITests" */;
			buildPhases = (
				3FF14F6E27C5468C0091198F /* Sources */,
				3FF14F6F27C5468C0091198F /* Frameworks */,
				3FF14F7027C5468C0091198F /* Resources */,
			);
			buildRules = (
			);
			dependencies = (
				3FF14F7427C5468C0091198F /* PBXTargetDependency */,
			);
			name = "Map HackwitchUITests";
			productName = "Map HackwitchUITests";
			productReference = 3FF14F7227C5468C0091198F /* Map HackwitchUITests.xctest */;
			productType = "com.apple.product-type.bundle.ui-testing";
		};
/* End PBXNativeTarget section */

/* Begin PBXProject section */
		3FF14F4E27C546880091198F /* Project object */ = {
			isa = PBXProject;
			attributes = {
				LastSwiftUpdateCheck = 1250;
				LastUpgradeCheck = 1250;
				TargetAttributes = {
					3FF14F5527C546880091198F = {
						CreatedOnToolsVersion = 12.5.1;
					};
					3FF14F6627C5468C0091198F = {
						CreatedOnToolsVersion = 12.5.1;
						TestTargetID = 3FF14F5527C546880091198F;
					};
					3FF14F7127C5468C0091198F = {
						CreatedOnToolsVersion = 12.5.1;
						TestTargetID = 3FF14F5527C546880091198F;
					};
				};
			};
			buildConfigurationList = 3FF14F5127C546880091198F /* Build configuration list for PBXProject "Map Hackwitch" */;
			compatibilityVersion = "Xcode 9.3";
			developmentRegion = en;
			hasScannedForEncodings = 0;
			knownRegions = (
				en,
				Base,
			);
			mainGroup = 3FF14F4D27C546880091198F;
			productRefGroup = 3FF14F5727C546880091198F /* Products */;
			projectDirPath = "";
			projectRoot = "";
			targets = (
				3FF14F5527C546880091198F /* Map Hackwitch */,
				3FF14F6627C5468C0091198F /* Map HackwitchTests */,
				3FF14F7127C5468C0091198F /* Map HackwitchUITests */,
			);
		};
/* End PBXProject section */

/* Begin PBXResourcesBuildPhase section */
		3FF14F5427C546880091198F /* Resources */ = {
			isa = PBXResourcesBuildPhase;
			buildActionMask = 2147483647;
			files = (
				3FF14F6127C5468C0091198F /* Preview Assets.xcassets in Resources */,
				3FF14F5E27C5468C0091198F /* Assets.xcassets in Resources */,
			);
			runOnlyForDeploymentPostprocessing = 0;
		};
		3FF14F6527C5468C0091198F /* Resources */ = {
			isa = PBXResourcesBuildPhase;
			buildActionMask = 2147483647;
			files = (
			);
			runOnlyForDeploymentPostprocessing = 0;
		};
		3FF14F7027C5468C0091198F /* Resources */ = {
			isa = PBXResourcesBuildPhase;
			buildActionMask = 2147483647;
			files = (
			);
			runOnlyForDeploymentPostprocessing = 0;
		};
/* End PBXResourcesBuildPhase section */

/* Begin PBXSourcesBuildPhase section */
		3FF14F5227C546880091198F /* Sources */ = {
			isa = PBXSourcesBuildPhase;
			buildActionMask = 2147483647;
			files = (
				3FF14F5C27C546880091198F /* ContentView.swift in Sources */,
				3FF14F5A27C546880091198F /* Map_HackwitchApp.swift in Sources */,
				3FF14F8527C549570091198F /* locationManager.swift in Sources */,
			);
			runOnlyForDeploymentPostprocessing = 0;
		};
		3FF14F6327C5468C0091198F /* Sources */ = {
			isa = PBXSourcesBuildPhase;
			buildActionMask = 2147483647;
			files = (
				3FF14F6C27C5468C0091198F /* Map_HackwitchTests.swift in Sources */,
			);
			runOnlyForDeploymentPostprocessing = 0;
		};
		3FF14F6E27C5468C0091198F /* Sources */ = {
			isa = PBXSourcesBuildPhase;
			buildActionMask = 2147483647;
			files = (
				3FF14F7727C5468C0091198F /* Map_HackwitchUITests.swift in Sources */,
			);
			runOnlyForDeploymentPostprocessing = 0;
		};
/* End PBXSourcesBuildPhase section */

/* Begin PBXTargetDependency section */
		3FF14F6927C5468C0091198F /* PBXTargetDependency */ = {
			isa = PBXTargetDependency;
			target = 3FF14F5527C546880091198F /* Map Hackwitch */;
			targetProxy = 3FF14F6827C5468C0091198F /* PBXContainerItemProxy */;
		};
		3FF14F7427C5468C0091198F /* PBXTargetDependency */ = {
			isa = PBXTargetDependency;
			target = 3FF14F5527C546880091198F /* Map Hackwitch */;
			targetProxy = 3FF14F7327C5468C0091198F /* PBXContainerItemProxy */;
		};
/* End PBXTargetDependency section */

/* Begin XCBuildConfiguration section */
		3FF14F7927C5468C0091198F /* Debug */ = {
			isa = XCBuildConfiguration;
			buildSettings = {
				ALWAYS_SEARCH_USER_PATHS = NO;
				CLANG_ANALYZER_NONNULL = YES;
				CLANG_ANALYZER_NUMBER_OBJECT_CONVERSION = YES_AGGRESSIVE;
				CLANG_CXX_LANGUAGE_STANDARD = "gnu++14";
				CLANG_CXX_LIBRARY = "libc++";
				CLANG_ENABLE_MODULES = YES;
				CLANG_ENABLE_OBJC_ARC = YES;
				CLANG_ENABLE_OBJC_WEAK = YES;
				CLANG_WARN_BLOCK_CAPTURE_AUTORELEASING = YES;
				CLANG_WARN_BOOL_CONVERSION = YES;
				CLANG_WARN_COMMA = YES;
				CLANG_WARN_CONSTANT_CONVERSION = YES;
				CLANG_WARN_DEPRECATED_OBJC_IMPLEMENTATIONS = YES;
				CLANG_WARN_DIRECT_OBJC_ISA_USAGE = YES_ERROR;
				CLANG_WARN_DOCUMENTATION_COMMENTS = YES;
				CLANG_WARN_EMPTY_BODY = YES;
				CLANG_WARN_ENUM_CONVERSION = YES;
				CLANG_WARN_INFINITE_RECURSION = YES;
				CLANG_WARN_INT_CONVERSION = YES;
				CLANG_WARN_NON_LITERAL_NULL_CONVERSION = YES;
				CLANG_WARN_OBJC_IMPLICIT_RETAIN_SELF = YES;
				CLANG_WARN_OBJC_LITERAL_CONVERSION = YES;
				CLANG_WARN_OBJC_ROOT_CLASS = YES_ERROR;
				CLANG_WARN_QUOTED_INCLUDE_IN_FRAMEWORK_HEADER = YES;
				CLANG_WARN_RANGE_LOOP_ANALYSIS = YES;
				CLANG_WARN_STRICT_PROTOTYPES = YES;
				CLANG_WARN_SUSPICIOUS_MOVE = YES;
				CLANG_WARN_UNGUARDED_AVAILABILITY = YES_AGGRESSIVE;
				CLANG_WARN_UNREACHABLE_CODE = YES;
				CLANG_WARN__DUPLICATE_METHOD_MATCH = YES;
				COPY_PHASE_STRIP = NO;
				DEBUG_INFORMATION_FORMAT = dwarf;
				ENABLE_STRICT_OBJC_MSGSEND = YES;
				ENABLE_TESTABILITY = YES;
				GCC_C_LANGUAGE_STANDARD = gnu11;
				GCC_DYNAMIC_NO_PIC = NO;
				GCC_NO_COMMON_BLOCKS = YES;
				GCC_OPTIMIZATION_LEVEL = 0;
				GCC_PREPROCESSOR_DEFINITIONS = (
					"DEBUG=1",
					"$(inherited)",
				);
				GCC_WARN_64_TO_32_BIT_CONVERSION = YES;
				GCC_WARN_ABOUT_RETURN_TYPE = YES_ERROR;
				GCC_WARN_UNDECLARED_SELECTOR = YES;
				GCC_WARN_UNINITIALIZED_AUTOS = YES_AGGRESSIVE;
				GCC_WARN_UNUSED_FUNCTION = YES;
				GCC_WARN_UNUSED_VARIABLE = YES;
				IPHONEOS_DEPLOYMENT_TARGET = 14.5;
				MTL_ENABLE_DEBUG_INFO = INCLUDE_SOURCE;
				MTL_FAST_MATH = YES;
				ONLY_ACTIVE_ARCH = YES;
				SDKROOT = iphoneos;
				SWIFT_ACTIVE_COMPILATION_CONDITIONS = DEBUG;
				SWIFT_OPTIMIZATION_LEVEL = "-Onone";
			};
			name = Debug;
		};
		3FF14F7A27C5468C0091198F /* Release */ = {
			isa = XCBuildConfiguration;
			buildSettings = {
				ALWAYS_SEARCH_USER_PATHS = NO;
				CLANG_ANALYZER_NONNULL = YES;
				CLANG_ANALYZER_NUMBER_OBJECT_CONVERSION = YES_AGGRESSIVE;
				CLANG_CXX_LANGUAGE_STANDARD = "gnu++14";
				CLANG_CXX_LIBRARY = "libc++";
				CLANG_ENABLE_MODULES = YES;
				CLANG_ENABLE_OBJC_ARC = YES;
				CLANG_ENABLE_OBJC_WEAK = YES;
				CLANG_WARN_BLOCK_CAPTURE_AUTORELEASING = YES;
				CLANG_WARN_BOOL_CONVERSION = YES;
				CLANG_WARN_COMMA = YES;
				CLANG_WARN_CONSTANT_CONVERSION = YES;
				CLANG_WARN_DEPRECATED_OBJC_IMPLEMENTATIONS = YES;
				CLANG_WARN_DIRECT_OBJC_ISA_USAGE = YES_ERROR;
				CLANG_WARN_DOCUMENTATION_COMMENTS = YES;
				CLANG_WARN_EMPTY_BODY = YES;
				CLANG_WARN_ENUM_CONVERSION = YES;
				CLANG_WARN_INFINITE_RECURSION = YES;
				CLANG_WARN_INT_CONVERSION = YES;
				CLANG_WARN_NON_LITERAL_NULL_CONVERSION = YES;
				CLANG_WARN_OBJC_IMPLICIT_RETAIN_SELF = YES;
				CLANG_WARN_OBJC_LITERAL_CONVERSION = YES;
				CLANG_WARN_OBJC_ROOT_CLASS = YES_ERROR;
				CLANG_WARN_QUOTED_INCLUDE_IN_FRAMEWORK_HEADER = YES;
				CLANG_WARN_RANGE_LOOP_ANALYSIS = YES;
				CLANG_WARN_STRICT_PROTOTYPES = YES;
				CLANG_WARN_SUSPICIOUS_MOVE = YES;
				CLANG_WARN_UNGUARDED_AVAILABILITY = YES_AGGRESSIVE;
				CLANG_WARN_UNREACHABLE_CODE = YES;
				CLANG_WARN__DUPLICATE_METHOD_MATCH = YES;
				COPY_PHASE_STRIP = NO;
				DEBUG_INFORMATION_FORMAT = "dwarf-with-dsym";
				ENABLE_NS_ASSERTIONS = NO;
				ENABLE_STRICT_OBJC_MSGSEND = YES;
				GCC_C_LANGUAGE_STANDARD = gnu11;
				GCC_NO_COMMON_BLOCKS = YES;
				GCC_WARN_64_TO_32_BIT_CONVERSION = YES;
				GCC_WARN_ABOUT_RETURN_TYPE = YES_ERROR;
				GCC_WARN_UNDECLARED_SELECTOR = YES;
				GCC_WARN_UNINITIALIZED_AUTOS = YES_AGGRESSIVE;
				GCC_WARN_UNUSED_FUNCTION = YES;
				GCC_WARN_UNUSED_VARIABLE = YES;
				IPHONEOS_DEPLOYMENT_TARGET = 14.5;
				MTL_ENABLE_DEBUG_INFO = NO;
				MTL_FAST_MATH = YES;
				SDKROOT = iphoneos;
				SWIFT_COMPILATION_MODE = wholemodule;
				SWIFT_OPTIMIZATION_LEVEL = "-O";
				VALIDATE_PRODUCT = YES;
			};
			name = Release;
		};
		3FF14F7C27C5468C0091198F /* Debug */ = {
			isa = XCBuildConfiguration;
			buildSettings = {
				ASSETCATALOG_COMPILER_APPICON_NAME = AppIcon;
				ASSETCATALOG_COMPILER_GLOBAL_ACCENT_COLOR_NAME = AccentColor;
				CODE_SIGN_STYLE = Automatic;
				DEVELOPMENT_ASSET_PATHS = "\"Map Hackwitch/Preview Content\"";
				ENABLE_PREVIEWS = YES;
				INFOPLIST_FILE = "Map Hackwitch/Info.plist";
				IPHONEOS_DEPLOYMENT_TARGET = 14.0;
				LD_RUNPATH_SEARCH_PATHS = (
					"$(inherited)",
					"@executable_path/Frameworks",
				);
				PRODUCT_BUNDLE_IDENTIFIER = "AEY.Map-Hackwitch";
				PRODUCT_NAME = "$(TARGET_NAME)";
				SWIFT_VERSION = 5.0;
				TARGETED_DEVICE_FAMILY = "1,2";
			};
			name = Debug;
		};
		3FF14F7D27C5468C0091198F /* Release */ = {
			isa = XCBuildConfiguration;
			buildSettings = {
				ASSETCATALOG_COMPILER_APPICON_NAME = AppIcon;
				ASSETCATALOG_COMPILER_GLOBAL_ACCENT_COLOR_NAME = AccentColor;
				CODE_SIGN_STYLE = Automatic;
				DEVELOPMENT_ASSET_PATHS = "\"Map Hackwitch/Preview Content\"";
				ENABLE_PREVIEWS = YES;
				INFOPLIST_FILE = "Map Hackwitch/Info.plist";
				IPHONEOS_DEPLOYMENT_TARGET = 14.0;
				LD_RUNPATH_SEARCH_PATHS = (
					"$(inherited)",
					"@executable_path/Frameworks",
				);
				PRODUCT_BUNDLE_IDENTIFIER = "AEY.Map-Hackwitch";
				PRODUCT_NAME = "$(TARGET_NAME)";
				SWIFT_VERSION = 5.0;
				TARGETED_DEVICE_FAMILY = "1,2";
			};
			name = Release;
		};
		3FF14F7F27C5468C0091198F /* Debug */ = {
			isa = XCBuildConfiguration;
			buildSettings = {
				ALWAYS_EMBED_SWIFT_STANDARD_LIBRARIES = YES;
				BUNDLE_LOADER = "$(TEST_HOST)";
				CODE_SIGN_STYLE = Automatic;
				INFOPLIST_FILE = "Map HackwitchTests/Info.plist";
				IPHONEOS_DEPLOYMENT_TARGET = 14.0;
				LD_RUNPATH_SEARCH_PATHS = (
					"$(inherited)",
					"@executable_path/Frameworks",
					"@loader_path/Frameworks",
				);
				PRODUCT_BUNDLE_IDENTIFIER = "AEY.Map-HackwitchTests";
				PRODUCT_NAME = "$(TARGET_NAME)";
				SWIFT_VERSION = 5.0;
				TARGETED_DEVICE_FAMILY = "1,2";
				TEST_HOST = "$(BUILT_PRODUCTS_DIR)/Map Hackwitch.app/Map Hackwitch";
			};
			name = Debug;
		};
		3FF14F8027C5468C0091198F /* Release */ = {
			isa = XCBuildConfiguration;
			buildSettings = {
				ALWAYS_EMBED_SWIFT_STANDARD_LIBRARIES = YES;
				BUNDLE_LOADER = "$(TEST_HOST)";
				CODE_SIGN_STYLE = Automatic;
				INFOPLIST_FILE = "Map HackwitchTests/Info.plist";
				IPHONEOS_DEPLOYMENT_TARGET = 14.0;
				LD_RUNPATH_SEARCH_PATHS = (
					"$(inherited)",
					"@executable_path/Frameworks",
					"@loader_path/Frameworks",
				);
				PRODUCT_BUNDLE_IDENTIFIER = "AEY.Map-HackwitchTests";
				PRODUCT_NAME = "$(TARGET_NAME)";
				SWIFT_VERSION = 5.0;
				TARGETED_DEVICE_FAMILY = "1,2";
				TEST_HOST = "$(BUILT_PRODUCTS_DIR)/Map Hackwitch.app/Map Hackwitch";
			};
			name = Release;
		};
		3FF14F8227C5468C0091198F /* Debug */ = {
			isa = XCBuildConfiguration;
			buildSettings = {
				ALWAYS_EMBED_SWIFT_STANDARD_LIBRARIES = YES;
				CODE_SIGN_STYLE = Automatic;
				INFOPLIST_FILE = "Map HackwitchUITests/Info.plist";
				LD_RUNPATH_SEARCH_PATHS = (
					"$(inherited)",
					"@executable_path/Frameworks",
					"@loader_path/Frameworks",
				);
				PRODUCT_BUNDLE_IDENTIFIER = "AEY.Map-HackwitchUITests";
				PRODUCT_NAME = "$(TARGET_NAME)";
				SWIFT_VERSION = 5.0;
				TARGETED_DEVICE_FAMILY = "1,2";
				TEST_TARGET_NAME = "Map Hackwitch";
			};
			name = Debug;
		};
		3FF14F8327C5468C0091198F /* Release */ = {
			isa = XCBuildConfiguration;
			buildSettings = {
				ALWAYS_EMBED_SWIFT_STANDARD_LIBRARIES = YES;
				CODE_SIGN_STYLE = Automatic;
				INFOPLIST_FILE = "Map HackwitchUITests/Info.plist";
				LD_RUNPATH_SEARCH_PATHS = (
					"$(inherited)",
					"@executable_path/Frameworks",
					"@loader_path/Frameworks",
				);
				PRODUCT_BUNDLE_IDENTIFIER = "AEY.Map-HackwitchUITests";
				PRODUCT_NAME = "$(TARGET_NAME)";
				SWIFT_VERSION = 5.0;
				TARGETED_DEVICE_FAMILY = "1,2";
				TEST_TARGET_NAME = "Map Hackwitch";
			};
			name = Release;
		};
/* End XCBuildConfiguration section */

/* Begin XCConfigurationList section */
		3FF14F5127C546880091198F /* Build configuration list for PBXProject "Map Hackwitch" */ = {
			isa = XCConfigurationList;
			buildConfigurations = (
				3FF14F7927C5468C0091198F /* Debug */,
				3FF14F7A27C5468C0091198F /* Release */,
			);
			defaultConfigurationIsVisible = 0;
			defaultConfigurationName = Release;
		};
		3FF14F7B27C5468C0091198F /* Build configuration list for PBXNativeTarget "Map Hackwitch" */ = {
			isa = XCConfigurationList;
			buildConfigurations = (
				3FF14F7C27C5468C0091198F /* Debug */,
				3FF14F7D27C5468C0091198F /* Release */,
			);
			defaultConfigurationIsVisible = 0;
			defaultConfigurationName = Release;
		};
		3FF14F7E27C5468C0091198F /* Build configuration list for PBXNativeTarget "Map HackwitchTests" */ = {
			isa = XCConfigurationList;
			buildConfigurations = (
				3FF14F7F27C5468C0091198F /* Debug */,
				3FF14F8027C5468C0091198F /* Release */,
			);
			defaultConfigurationIsVisible = 0;
			defaultConfigurationName = Release;
		};
		3FF14F8127C5468C0091198F /* Build configuration list for PBXNativeTarget "Map HackwitchUITests" */ = {
			isa = XCConfigurationList;
			buildConfigurations = (
				3FF14F8227C5468C0091198F /* Debug */,
				3FF14F8327C5468C0091198F /* Release */,
			);
			defaultConfigurationIsVisible = 0;
			defaultConfigurationName = Release;
		};
/* End XCConfigurationList section */
	};
	rootObject = 3FF14F4E27C546880091198F /* Project object */;
}
